
Microsoft Visual Studio Solution File, Format Version 12.00
# Visual Studio Version 17
Project("{8BC9CEB8-8B4A-11D0-8D11-00A0C91BC942}") = "Project", "Project\Project.vcxproj", "{5C2CF323-C80B-72BF-D123-FD953D82D820}"
EndProject
Project("{8BC9CEB8-8B4A-11D0-8D11-00A0C91BC942}") = "Engine", "Engine\Engine.vcxproj", "{DBC7D3B0-C769-FE86-B024-12DB9C6585D7}"
EndProject
Project("{2150E333-8FDC-42A3-9474-1A3956D46DE8}") = "Other", "Other", "{8E5C1317-FA11-8C0C-8306-86E3EFBA8210}"
EndProject
Project("{8BC9CEB8-8B4A-11D0-8D11-00A0C91BC942}") = "ASSIMP", "Engine\Vendor\assimp\ASSIMP.vcxproj", "{B20B8BA5-9EAD-B57B-8768-C9CF73A93CCC}"
EndProject
Project("{8BC9CEB8-8B4A-11D0-8D11-00A0C91BC942}") = "GLAD", "Engine\Vendor\glad\GLAD.vcxproj", "{5D4A857C-4981-860D-F26D-6C10DE83020F}"
EndProject
Project("{8BC9CEB8-8B4A-11D0-8D11-00A0C91BC942}") = "GLFW", "Engine\Vendor\glfw\GLFW.vcxproj", "{154B857C-0182-860D-AA6E-6C109684020F}"
EndProject
Project("{8BC9CEB8-8B4A-11D0-8D11-00A0C91BC942}") = "GLM", "Engine\Vendor\glm\GLM.vcxproj", "{05EB870B-71F4-877C-FA6F-9E7C6678937C}"
EndProject
Project("{8BC9CEB8-8B4A-11D0-8D11-00A0C91BC942}") = "IMGUI", "Engine\Vendor\imgui\IMGUI.vcxproj", "{606F530D-CC83-7BBE-9505-1F1E01D977EF}"
EndProject
Project("{8BC9CEB8-8B4A-11D0-8D11-00A0C91BC942}") = "IMGUIZMO", "Engine\Vendor\imguizmo\IMGUIZMO.vcxproj", "{763C87AD-6209-E2B8-8B22-D060774E1747}"
EndProject
Global
	GlobalSection(SolutionConfigurationPlatforms) = preSolution
		Debug|x64 = Debug|x64
		Dist|x64 = Dist|x64
		Release|x64 = Release|x64
	EndGlobalSection
	GlobalSection(ProjectConfigurationPlatforms) = postSolution
		{5C2CF323-C80B-72BF-D123-FD953D82D820}.Debug|x64.ActiveCfg = Debug|x64
		{5C2CF323-C80B-72BF-D123-FD953D82D820}.Debug|x64.Build.0 = Debug|x64
		{5C2CF323-C80B-72BF-D123-FD953D82D820}.Dist|x64.ActiveCfg = Dist|x64
		{5C2CF323-C80B-72BF-D123-FD953D82D820}.Dist|x64.Build.0 = Dist|x64
		{5C2CF323-C80B-72BF-D123-FD953D82D820}.Release|x64.ActiveCfg = Release|x64
		{5C2CF323-C80B-72BF-D123-FD953D82D820}.Release|x64.Build.0 = Release|x64
		{DBC7D3B0-C769-FE86-B024-12DB9C6585D7}.Debug|x64.ActiveCfg = Debug|x64
		{DBC7D3B0-C769-FE86-B024-12DB9C6585D7}.Debug|x64.Build.0 = Debug|x64
		{DBC7D3B0-C769-FE86-B024-12DB9C6585D7}.Dist|x64.ActiveCfg = Dist|x64
		{DBC7D3B0-C769-FE86-B024-12DB9C6585D7}.Dist|x64.Build.0 = Dist|x64
		{DBC7D3B0-C769-FE86-B024-12DB9C6585D7}.Release|x64.ActiveCfg = Release|x64
		{DBC7D3B0-C769-FE86-B024-12DB9C6585D7}.Release|x64.Build.0 = Release|x64
		{B20B8BA5-9EAD-B57B-8768-C9CF73A93CCC}.Debug|x64.ActiveCfg = Debug|x64
		{B20B8BA5-9EAD-B57B-8768-C9CF73A93CCC}.Debug|x64.Build.0 = Debug|x64
		{B20B8BA5-9EAD-B57B-8768-C9CF73A93CCC}.Dist|x64.ActiveCfg = Dist|x64
		{B20B8BA5-9EAD-B57B-8768-C9CF73A93CCC}.Dist|x64.Build.0 = Dist|x64
		{B20B8BA5-9EAD-B57B-8768-C9CF73A93CCC}.Release|x64.ActiveCfg = Release|x64
		{B20B8BA5-9EAD-B57B-8768-C9CF73A93CCC}.Release|x64.Build.0 = Release|x64
		{5D4A857C-4981-860D-F26D-6C10DE83020F}.Debug|x64.ActiveCfg = Debug|x64
		{5D4A857C-4981-860D-F26D-6C10DE83020F}.Debug|x64.Build.0 = Debug|x64
		{5D4A857C-4981-860D-F26D-6C10DE83020F}.Dist|x64.ActiveCfg = Dist|x64
		{5D4A857C-4981-860D-F26D-6C10DE83020F}.Dist|x64.Build.0 = Dist|x64
		{5D4A857C-4981-860D-F26D-6C10DE83020F}.Release|x64.ActiveCfg = Release|x64
		{5D4A857C-4981-860D-F26D-6C10DE83020F}.Release|x64.Build.0 = Release|x64
		{154B857C-0182-860D-AA6E-6C109684020F}.Debug|x64.ActiveCfg = Debug|x64
		{154B857C-0182-860D-AA6E-6C109684020F}.Debug|x64.Build.0 = Debug|x64
		{154B857C-0182-860D-AA6E-6C109684020F}.Dist|x64.ActiveCfg = Dist|x64
		{154B857C-0182-860D-AA6E-6C109684020F}.Dist|x64.Build.0 = Dist|x64
		{154B857C-0182-860D-AA6E-6C109684020F}.Release|x64.ActiveCfg = Release|x64
		{154B857C-0182-860D-AA6E-6C109684020F}.Release|x64.Build.0 = Release|x64
		{05EB870B-71F4-877C-FA6F-9E7C6678937C}.Debug|x64.ActiveCfg = Debug|x64
		{05EB870B-71F4-877C-FA6F-9E7C6678937C}.Debug|x64.Build.0 = Debug|x64
		{05EB870B-71F4-877C-FA6F-9E7C6678937C}.Dist|x64.ActiveCfg = Dist|x64
		{05EB870B-71F4-877C-FA6F-9E7C6678937C}.Dist|x64.Build.0 = Dist|x64
		{05EB870B-71F4-877C-FA6F-9E7C6678937C}.Release|x64.ActiveCfg = Release|x64
		{05EB870B-71F4-877C-FA6F-9E7C6678937C}.Release|x64.Build.0 = Release|x64
		{606F530D-CC83-7BBE-9505-1F1E01D977EF}.Debug|x64.ActiveCfg = Debug|x64
		{606F530D-CC83-7BBE-9505-1F1E01D977EF}.Debug|x64.Build.0 = Debug|x64
		{606F530D-CC83-7BBE-9505-1F1E01D977EF}.Dist|x64.ActiveCfg = Dist|x64
		{606F530D-CC83-7BBE-9505-1F1E01D977EF}.Dist|x64.Build.0 = Dist|x64
		{606F530D-CC83-7BBE-9505-1F1E01D977EF}.Release|x64.ActiveCfg = Release|x64
		{606F530D-CC83-7BBE-9505-1F1E01D977EF}.Release|x64.Build.0 = Release|x64
		{763C87AD-6209-E2B8-8B22-D060774E1747}.Debug|x64.ActiveCfg = Debug|x64
		{763C87AD-6209-E2B8-8B22-D060774E1747}.Debug|x64.Build.0 = Debug|x64
		{763C87AD-6209-E2B8-8B22-D060774E1747}.Dist|x64.ActiveCfg = Dist|x64
		{763C87AD-6209-E2B8-8B22-D060774E1747}.Dist|x64.Build.0 = Dist|x64
		{763C87AD-6209-E2B8-8B22-D060774E1747}.Release|x64.ActiveCfg = Release|x64
		{763C87AD-6209-E2B8-8B22-D060774E1747}.Release|x64.Build.0 = Release|x64
	EndGlobalSection
	GlobalSection(SolutionProperties) = preSolution
		HideSolutionNode = FALSE
	EndGlobalSection
	GlobalSection(NestedProjects) = preSolution
		{B20B8BA5-9EAD-B57B-8768-C9CF73A93CCC} = {8E5C1317-FA11-8C0C-8306-86E3EFBA8210}
		{5D4A857C-4981-860D-F26D-6C10DE83020F} = {8E5C1317-FA11-8C0C-8306-86E3EFBA8210}
		{154B857C-0182-860D-AA6E-6C109684020F} = {8E5C1317-FA11-8C0C-8306-86E3EFBA8210}
		{05EB870B-71F4-877C-FA6F-9E7C6678937C} = {8E5C1317-FA11-8C0C-8306-86E3EFBA8210}
		{606F530D-CC83-7BBE-9505-1F1E01D977EF} = {8E5C1317-FA11-8C0C-8306-86E3EFBA8210}
		{763C87AD-6209-E2B8-8B22-D060774E1747} = {8E5C1317-FA11-8C0C-8306-86E3EFBA8210}
	EndGlobalSection
EndGlobal
